<?xml version="1.0" encoding="utf-8"?>
<Project ToolsVersion="4.0" xmlns="http://schemas.microsoft.com/developer/msbuild/2003">
  <ItemGroup>
    <Filter Include="소스 파일">
      <UniqueIdentifier>{4FC737F1-C7A5-4376-A066-2A32D752A2FF}</UniqueIdentifier>
      <Extensions>cpp;c;cc;cxx;c++;def;odl;idl;hpj;bat;asm;asmx</Extensions>
    </Filter>
    <Filter Include="헤더 파일">
      <UniqueIdentifier>{93995380-89BD-4b04-88EB-625FBE52EBFB}</UniqueIdentifier>
      <Extensions>h;hh;hpp;hxx;h++;hm;inl;inc;ipp;xsd</Extensions>
    </Filter>
    <Filter Include="리소스 파일">
      <UniqueIdentifier>{67DA6AB6-F800-4c08-8B7A-83BB121AAD01}</UniqueIdentifier>
      <Extensions>rc;ico;cur;bmp;dlg;rc2;rct;bin;rgs;gif;jpg;jpeg;jpe;resx;tiff;tif;png;wav;mfcribbon-ms</Extensions>
    </Filter>
    <Filter Include="2D Framework">
      <UniqueIdentifier>{379b1cf9-5463-46d9-a5fb-dd59f4fa3757}</UniqueIdentifier>
    </Filter>
    <Filter Include="SceneManager">
      <UniqueIdentifier>{6949639c-f1df-4bf4-8a13-ffc72c7c86cb}</UniqueIdentifier>
    </Filter>
    <Filter Include="Opening">
      <UniqueIdentifier>{eeb0adef-e468-46d8-8fda-3664d86882c3}</UniqueIdentifier>
    </Filter>
    <Filter Include="MainGame%28Battle%29">
      <UniqueIdentifier>{6057d955-7bc4-4362-8155-5b478c3c8ec2}</UniqueIdentifier>
    </Filter>
    <Filter Include="MainGame%28Battle%29\KOF Character">
      <UniqueIdentifier>{88f1cee3-5ad7-4104-a33a-3ad2d7ced086}</UniqueIdentifier>
    </Filter>
    <Filter Include="CharacterPick">
      <UniqueIdentifier>{bd94af6f-8b26-4bc1-8713-75a7c72c6ac5}</UniqueIdentifier>
    </Filter>
  </ItemGroup>
  <ItemGroup>
    <ClCompile Include="MainGame.cpp">
      <Filter>MainGame%28Battle%29</Filter>
    </ClCompile>
    <ClCompile Include="main.cpp">
      <Filter>2D Framework</Filter>
    </ClCompile>
    <ClCompile Include="GameNode.cpp">
      <Filter>2D Framework</Filter>
    </ClCompile>
    <ClCompile Include="KeyManager.cpp">
      <Filter>2D Framework</Filter>
    </ClCompile>
    <ClCompile Include="Image.cpp">
      <Filter>2D Framework</Filter>
    </ClCompile>
    <ClCompile Include="KOF_Character.cpp">
      <Filter>MainGame%28Battle%29\KOF Character</Filter>
    </ClCompile>
    <ClCompile Include="SceneManager.cpp">
      <Filter>SceneManager</Filter>
    </ClCompile>
    <ClCompile Include="Opening.cpp">
      <Filter>Opening</Filter>
    </ClCompile>
    <ClCompile Include="CharacterPick.cpp">
      <Filter>CharacterPick</Filter>
    </ClCompile>
    <ClCompile Include="Kyo_1P.cpp">
      <Filter>MainGame%28Battle%29\KOF Character</Filter>
    </ClCompile>
    <ClCompile Include="Kyo_2P.cpp">
      <Filter>MainGame%28Battle%29\KOF Character</Filter>
    </ClCompile>
    <ClCompile Include="Iori_1P.cpp">
      <Filter>MainGame%28Battle%29\KOF Character</Filter>
    </ClCompile>
    <ClCompile Include="Iori_2P.cpp">
      <Filter>MainGame%28Battle%29\KOF Character</Filter>
    </ClCompile>
    <ClCompile Include="Kimkaphwan_2P.cpp">
      <Filter>MainGame%28Battle%29\KOF Character</Filter>
    </ClCompile>
    <ClCompile Include="KimKaphwan_1P.cpp">
      <Filter>MainGame%28Battle%29\KOF Character</Filter>
    </ClCompile>
  </ItemGroup>
  <ItemGroup>
    <ClInclude Include="MainGame.h">
      <Filter>MainGame%28Battle%29</Filter>
    </ClInclude>
    <ClInclude Include="Singleton.h">
      <Filter>2D Framework</Filter>
    </ClInclude>
    <ClInclude Include="CommonFunction.h">
      <Filter>2D Framework</Filter>
    </ClInclude>
    <ClInclude Include="config.h">
      <Filter>2D Framework</Filter>
    </ClInclude>
    <ClInclude Include="GameNode.h">
      <Filter>2D Framework</Filter>
    </ClInclude>
    <ClInclude Include="KeyManager.h">
      <Filter>2D Framework</Filter>
    </ClInclude>
    <ClInclude Include="Image.h">
      <Filter>2D Framework</Filter>
    </ClInclude>
    <ClInclude Include="KOF_Character.h">
      <Filter>MainGame%28Battle%29\KOF Character</Filter>
    </ClInclude>
    <ClInclude Include="SceneManager.h">
      <Filter>SceneManager</Filter>
    </ClInclude>
    <ClInclude Include="Opening.h">
      <Filter>Opening</Filter>
    </ClInclude>
    <ClInclude Include="CharacterPick.h">
      <Filter>CharacterPick</Filter>
    </ClInclude>
    <ClInclude Include="Kyo_1P.h">
      <Filter>MainGame%28Battle%29\KOF Character</Filter>
    </ClInclude>
    <ClInclude Include="Kyo_2P.h">
      <Filter>MainGame%28Battle%29\KOF Character</Filter>
    </ClInclude>
    <ClInclude Include="Iori_1P.h">
      <Filter>MainGame%28Battle%29\KOF Character</Filter>
    </ClInclude>
    <ClInclude Include="Iori_2P.h">
      <Filter>MainGame%28Battle%29\KOF Character</Filter>
    </ClInclude>
    <ClInclude Include="Kimkaphwan_2P.h">
      <Filter>MainGame%28Battle%29\KOF Character</Filter>
    </ClInclude>
    <ClInclude Include="KimKaphwan_1P.h">
      <Filter>MainGame%28Battle%29\KOF Character</Filter>
    </ClInclude>
  </ItemGroup>
</Project>